// !$*UTF8*$!
{
	archiveVersion = 1;
	classes = {
	};
	objectVersion = 50;
	objects = {

/* Begin PBXBuildFile section */
		FA72F29523EE4371001321B4 /* AppDelegate.swift in Sources */ = {isa = PBXBuildFile; fileRef = FA72F29423EE4371001321B4 /* AppDelegate.swift */; };
		FA72F29723EE4371001321B4 /* SceneDelegate.swift in Sources */ = {isa = PBXBuildFile; fileRef = FA72F29623EE4371001321B4 /* SceneDelegate.swift */; };
		FA72F29923EE4371001321B4 /* ViewController.swift in Sources */ = {isa = PBXBuildFile; fileRef = FA72F29823EE4371001321B4 /* ViewController.swift */; };
		FA72F29C23EE4371001321B4 /* Main.storyboard in Resources */ = {isa = PBXBuildFile; fileRef = FA72F29A23EE4371001321B4 /* Main.storyboard */; };
		FA72F29E23EE4375001321B4 /* Assets.xcassets in Resources */ = {isa = PBXBuildFile; fileRef = FA72F29D23EE4375001321B4 /* Assets.xcassets */; };
		FA72F2A123EE4375001321B4 /* LaunchScreen.storyboard in Resources */ = {isa = PBXBuildFile; fileRef = FA72F29F23EE4375001321B4 /* LaunchScreen.storyboard */; };
		FA72F2AC23EE4375001321B4 /* VerbumTests.swift in Sources */ = {isa = PBXBuildFile; fileRef = FA72F2AB23EE4375001321B4 /* VerbumTests.swift */; };
		FA72F2B723EE4375001321B4 /* VerbumUITests.swift in Sources */ = {isa = PBXBuildFile; fileRef = FA72F2B623EE4375001321B4 /* VerbumUITests.swift */; };
/* End PBXBuildFile section */

/* Begin PBXContainerItemProxy section */
		FA72F2A823EE4375001321B4 /* PBXContainerItemProxy */ = {
			isa = PBXContainerItemProxy;
			containerPortal = FA72F28923EE4371001321B4 /* Project object */;
			proxyType = 1;
			remoteGlobalIDString = FA72F29023EE4371001321B4;
			remoteInfo = Verbum;
		};
		FA72F2B323EE4375001321B4 /* PBXContainerItemProxy */ = {
			isa = PBXContainerItemProxy;
			containerPortal = FA72F28923EE4371001321B4 /* Project object */;
			proxyType = 1;
			remoteGlobalIDString = FA72F29023EE4371001321B4;
			remoteInfo = Verbum;
		};
/* End PBXContainerItemProxy section */

/* Begin PBXFileReference section */
		FA72F29123EE4371001321B4 /* Verbum.app */ = {isa = PBXFileReference; explicitFileType = wrapper.application; includeInIndex = 0; path = Verbum.app; sourceTree = BUILT_PRODUCTS_DIR; };
		FA72F29423EE4371001321B4 /* AppDelegate.swift */ = {isa = PBXFileReference; lastKnownFileType = sourcecode.swift; path = AppDelegate.swift; sourceTree = "<group>"; };
		FA72F29623EE4371001321B4 /* SceneDelegate.swift */ = {isa = PBXFileReference; lastKnownFileType = sourcecode.swift; path = SceneDelegate.swift; sourceTree = "<group>"; };
		FA72F29823EE4371001321B4 /* ViewController.swift */ = {isa = PBXFileReference; lastKnownFileType = sourcecode.swift; path = ViewController.swift; sourceTree = "<group>"; };
		FA72F29B23EE4371001321B4 /* Base */ = {isa = PBXFileReference; lastKnownFileType = file.storyboard; name = Base; path = Base.lproj/Main.storyboard; sourceTree = "<group>"; };
		FA72F29D23EE4375001321B4 /* Assets.xcassets */ = {isa = PBXFileReference; lastKnownFileType = folder.assetcatalog; path = Assets.xcassets; sourceTree = "<group>"; };
		FA72F2A023EE4375001321B4 /* Base */ = {isa = PBXFileReference; lastKnownFileType = file.storyboard; name = Base; path = Base.lproj/LaunchScreen.storyboard; sourceTree = "<group>"; };
		FA72F2A223EE4375001321B4 /* Info.plist */ = {isa = PBXFileReference; lastKnownFileType = text.plist.xml; path = Info.plist; sourceTree = "<group>"; };
		FA72F2A723EE4375001321B4 /* VerbumTests.xctest */ = {isa = PBXFileReference; explicitFileType = wrapper.cfbundle; includeInIndex = 0; path = VerbumTests.xctest; sourceTree = BUILT_PRODUCTS_DIR; };
		FA72F2AB23EE4375001321B4 /* VerbumTests.swift */ = {isa = PBXFileReference; lastKnownFileType = sourcecode.swift; path = VerbumTests.swift; sourceTree = "<group>"; };
		FA72F2AD23EE4375001321B4 /* Info.plist */ = {isa = PBXFileReference; lastKnownFileType = text.plist.xml; path = Info.plist; sourceTree = "<group>"; };
		FA72F2B223EE4375001321B4 /* VerbumUITests.xctest */ = {isa = PBXFileReference; explicitFileType = wrapper.cfbundle; includeInIndex = 0; path = VerbumUITests.xctest; sourceTree = BUILT_PRODUCTS_DIR; };
		FA72F2B623EE4375001321B4 /* VerbumUITests.swift */ = {isa = PBXFileReference; lastKnownFileType = sourcecode.swift; path = VerbumUITests.swift; sourceTree = "<group>"; };
		FA72F2B823EE4375001321B4 /* Info.plist */ = {isa = PBXFileReference; lastKnownFileType = text.plist.xml; path = Info.plist; sourceTree = "<group>"; };
/* End PBXFileReference section */

/* Begin PBXFrameworksBuildPhase section */
		FA72F28E23EE4371001321B4 /* Frameworks */ = {
			isa = PBXFrameworksBuildPhase;
			buildActionMask = 2147483647;
			files = (
			);
			runOnlyForDeploymentPostprocessing = 0;
		};
		FA72F2A423EE4375001321B4 /* Frameworks */ = {
			isa = PBXFrameworksBuildPhase;
			buildActionMask = 2147483647;
			files = (
			);
			runOnlyForDeploymentPostprocessing = 0;
		};
		FA72F2AF23EE4375001321B4 /* Frameworks */ = {
			isa = PBXFrameworksBuildPhase;
			buildActionMask = 2147483647;
			files = (
			);
			runOnlyForDeploymentPostprocessing = 0;
		};
/* End PBXFrameworksBuildPhase section */

/* Begin PBXGroup section */
		FA72F28823EE4371001321B4 = {
			isa = PBXGroup;
			children = (
				FA72F29323EE4371001321B4 /* Verbum */,
				FA72F2AA23EE4375001321B4 /* VerbumTests */,
				FA72F2B523EE4375001321B4 /* VerbumUITests */,
				FA72F29223EE4371001321B4 /* Products */,
			);
			sourceTree = "<group>";
		};
		FA72F29223EE4371001321B4 /* Products */ = {
			isa = PBXGroup;
			children = (
				FA72F29123EE4371001321B4 /* Verbum.app */,
				FA72F2A723EE4375001321B4 /* VerbumTests.xctest */,
				FA72F2B223EE4375001321B4 /* VerbumUITests.xctest */,
			);
			name = Products;
			sourceTree = "<group>";
		};
		FA72F29323EE4371001321B4 /* Verbum */ = {
			isa = PBXGroup;
			children = (
				FA72F29423EE4371001321B4 /* AppDelegate.swift */,
				FA72F29623EE4371001321B4 /* SceneDelegate.swift */,
				FA72F29823EE4371001321B4 /* ViewController.swift */,
				FA72F29A23EE4371001321B4 /* Main.storyboard */,
				FA72F29D23EE4375001321B4 /* Assets.xcassets */,
				FA72F29F23EE4375001321B4 /* LaunchScreen.storyboard */,
				FA72F2A223EE4375001321B4 /* Info.plist */,
			);
			path = Verbum;
			sourceTree = "<group>";
		};
		FA72F2AA23EE4375001321B4 /* VerbumTests */ = {
			isa = PBXGroup;
			children = (
				FA72F2AB23EE4375001321B4 /* VerbumTests.swift */,
				FA72F2AD23EE4375001321B4 /* Info.plist */,
			);
			path = VerbumTests;
			sourceTree = "<group>";
		};
		FA72F2B523EE4375001321B4 /* VerbumUITests */ = {
			isa = PBXGroup;
			children = (
				FA72F2B623EE4375001321B4 /* VerbumUITests.swift */,
				FA72F2B823EE4375001321B4 /* Info.plist */,
			);
			path = VerbumUITests;
			sourceTree = "<group>";
		};
/* End PBXGroup section */

/* Begin PBXNativeTarget section */
		FA72F29023EE4371001321B4 /* Verbum */ = {
			isa = PBXNativeTarget;
			buildConfigurationList = FA72F2BB23EE4375001321B4 /* Build configuration list for PBXNativeTarget "Verbum" */;
			buildPhases = (
				FA72F28D23EE4371001321B4 /* Sources */,
				FA72F28E23EE4371001321B4 /* Frameworks */,
				FA72F28F23EE4371001321B4 /* Resources */,
			);
			buildRules = (
			);
			dependencies = (
			);
			name = Verbum;
			productName = Verbum;
			productReference = FA72F29123EE4371001321B4 /* Verbum.app */;
			productType = "com.apple.product-type.application";
		};
		FA72F2A623EE4375001321B4 /* VerbumTests */ = {
			isa = PBXNativeTarget;
			buildConfigurationList = FA72F2BE23EE4375001321B4 /* Build configuration list for PBXNativeTarget "VerbumTests" */;
			buildPhases = (
				FA72F2A323EE4375001321B4 /* Sources */,
				FA72F2A423EE4375001321B4 /* Frameworks */,
				FA72F2A523EE4375001321B4 /* Resources */,
			);
			buildRules = (
			);
			dependencies = (
				FA72F2A923EE4375001321B4 /* PBXTargetDependency */,
			);
			name = VerbumTests;
			productName = VerbumTests;
			productReference = FA72F2A723EE4375001321B4 /* VerbumTests.xctest */;
			productType = "com.apple.product-type.bundle.unit-test";
		};
		FA72F2B123EE4375001321B4 /* VerbumUITests */ = {
			isa = PBXNativeTarget;
			buildConfigurationList = FA72F2C123EE4375001321B4 /* Build configuration list for PBXNativeTarget "VerbumUITests" */;
			buildPhases = (
				FA72F2AE23EE4375001321B4 /* Sources */,
				FA72F2AF23EE4375001321B4 /* Frameworks */,
				FA72F2B023EE4375001321B4 /* Resources */,
			);
			buildRules = (
			);
			dependencies = (
				FA72F2B423EE4375001321B4 /* PBXTargetDependency */,
			);
			name = VerbumUITests;
			productName = VerbumUITests;
			productReference = FA72F2B223EE4375001321B4 /* VerbumUITests.xctest */;
			productType = "com.apple.product-type.bundle.ui-testing";
		};
/* End PBXNativeTarget section */

/* Begin PBXProject section */
		FA72F28923EE4371001321B4 /* Project object */ = {
			isa = PBXProject;
			attributes = {
				LastSwiftUpdateCheck = 1130;
				LastUpgradeCheck = 1130;
				ORGANIZATIONNAME = AlexGooseCarlosJose;
				TargetAttributes = {
					FA72F29023EE4371001321B4 = {
						CreatedOnToolsVersion = 11.3.1;
					};
					FA72F2A623EE4375001321B4 = {
						CreatedOnToolsVersion = 11.3.1;
						TestTargetID = FA72F29023EE4371001321B4;
					};
					FA72F2B123EE4375001321B4 = {
						CreatedOnToolsVersion = 11.3.1;
						TestTargetID = FA72F29023EE4371001321B4;
					};
				};
			};
			buildConfigurationList = FA72F28C23EE4371001321B4 /* Build configuration list for PBXProject "Verbum" */;
			compatibilityVersion = "Xcode 9.3";
			developmentRegion = en;
			hasScannedForEncodings = 0;
			knownRegions = (
				en,
				Base,
			);
			mainGroup = FA72F28823EE4371001321B4;
			productRefGroup = FA72F29223EE4371001321B4 /* Products */;
			projectDirPath = "";
			projectRoot = "";
			targets = (
				FA72F29023EE4371001321B4 /* Verbum */,
				FA72F2A623EE4375001321B4 /* VerbumTests */,
				FA72F2B123EE4375001321B4 /* VerbumUITests */,
			);
		};
/* End PBXProject section */

/* Begin PBXResourcesBuildPhase section */
		FA72F28F23EE4371001321B4 /* Resources */ = {
			isa = PBXResourcesBuildPhase;
			buildActionMask = 2147483647;
			files = (
				FA72F2A123EE4375001321B4 /* LaunchScreen.storyboard in Resources */,
				FA72F29E23EE4375001321B4 /* Assets.xcassets in Resources */,
				FA72F29C23EE4371001321B4 /* Main.storyboard in Resources */,
			);
			runOnlyForDeploymentPostprocessing = 0;
		};
		FA72F2A523EE4375001321B4 /* Resources */ = {
			isa = PBXResourcesBuildPhase;
			buildActionMask = 2147483647;
			files = (
			);
			runOnlyForDeploymentPostprocessing = 0;
		};
		FA72F2B023EE4375001321B4 /* Resources */ = {
			isa = PBXResourcesBuildPhase;
			buildActionMask = 2147483647;
			files = (
			);
			runOnlyForDeploymentPostprocessing = 0;
		};
/* End PBXResourcesBuildPhase section */

/* Begin PBXSourcesBuildPhase section */
		FA72F28D23EE4371001321B4 /* Sources */ = {
			isa = PBXSourcesBuildPhase;
			buildActionMask = 2147483647;
			files = (
				FA72F29923EE4371001321B4 /* ViewController.swift in Sources */,
				FA72F29523EE4371001321B4 /* AppDelegate.swift in Sources */,
				FA72F29723EE4371001321B4 /* SceneDelegate.swift in Sources */,
			);
			runOnlyForDeploymentPostprocessing = 0;
		};
		FA72F2A323EE4375001321B4 /* Sources */ = {
			isa = PBXSourcesBuildPhase;
			buildActionMask = 2147483647;
			files = (
				FA72F2AC23EE4375001321B4 /* VerbumTests.swift in Sources */,
			);
			runOnlyForDeploymentPostprocessing = 0;
		};
		FA72F2AE23EE4375001321B4 /* Sources */ = {
			isa = PBXSourcesBuildPhase;
			buildActionMask = 2147483647;
			files = (
				FA72F2B723EE4375001321B4 /* VerbumUITests.swift in Sources */,
			);
			runOnlyForDeploymentPostprocessing = 0;
		};
/* End PBXSourcesBuildPhase section */

/* Begin PBXTargetDependency section */
		FA72F2A923EE4375001321B4 /* PBXTargetDependency */ = {
			isa = PBXTargetDependency;
			target = FA72F29023EE4371001321B4 /* Verbum */;
			targetProxy = FA72F2A823EE4375001321B4 /* PBXContainerItemProxy */;
		};
		FA72F2B423EE4375001321B4 /* PBXTargetDependency */ = {
			isa = PBXTargetDependency;
			target = FA72F29023EE4371001321B4 /* Verbum */;
			targetProxy = FA72F2B323EE4375001321B4 /* PBXContainerItemProxy */;
		};
/* End PBXTargetDependency section */

/* Begin PBXVariantGroup section */
		FA72F29A23EE4371001321B4 /* Main.storyboard */ = {
			isa = PBXVariantGroup;
			children = (
				FA72F29B23EE4371001321B4 /* Base */,
			);
			name = Main.storyboard;
			sourceTree = "<group>";
		};
		FA72F29F23EE4375001321B4 /* LaunchScreen.storyboard */ = {
			isa = PBXVariantGroup;
			children = (
				FA72F2A023EE4375001321B4 /* Base */,
			);
			name = LaunchScreen.storyboard;
			sourceTree = "<group>";
		};
/* End PBXVariantGroup section */

/* Begin XCBuildConfiguration section */
		FA72F2B923EE4375001321B4 /* Debug */ = {
			isa = XCBuildConfiguration;
			buildSettings = {
				ALWAYS_SEARCH_USER_PATHS = NO;
				CLANG_ANALYZER_NONNULL = YES;
				CLANG_ANALYZER_NUMBER_OBJECT_CONVERSION = YES_AGGRESSIVE;
				CLANG_CXX_LANGUAGE_STANDARD = "gnu++14";
				CLANG_CXX_LIBRARY = "libc++";
				CLANG_ENABLE_MODULES = YES;
				CLANG_ENABLE_OBJC_ARC = YES;
				CLANG_ENABLE_OBJC_WEAK = YES;
				CLANG_WARN_BLOCK_CAPTURE_AUTORELEASING = YES;
				CLANG_WARN_BOOL_CONVERSION = YES;
				CLANG_WARN_COMMA = YES;
				CLANG_WARN_CONSTANT_CONVERSION = YES;
				CLANG_WARN_DEPRECATED_OBJC_IMPLEMENTATIONS = YES;
				CLANG_WARN_DIRECT_OBJC_ISA_USAGE = YES_ERROR;
				CLANG_WARN_DOCUMENTATION_COMMENTS = YES;
				CLANG_WARN_EMPTY_BODY = YES;
				CLANG_WARN_ENUM_CONVERSION = YES;
				CLANG_WARN_INFINITE_RECURSION = YES;
				CLANG_WARN_INT_CONVERSION = YES;
				CLANG_WARN_NON_LITERAL_NULL_CONVERSION = YES;
				CLANG_WARN_OBJC_IMPLICIT_RETAIN_SELF = YES;
				CLANG_WARN_OBJC_LITERAL_CONVERSION = YES;
				CLANG_WARN_OBJC_ROOT_CLASS = YES_ERROR;
				CLANG_WARN_RANGE_LOOP_ANALYSIS = YES;
				CLANG_WARN_STRICT_PROTOTYPES = YES;
				CLANG_WARN_SUSPICIOUS_MOVE = YES;
				CLANG_WARN_UNGUARDED_AVAILABILITY = YES_AGGRESSIVE;
				CLANG_WARN_UNREACHABLE_CODE = YES;
				CLANG_WARN__DUPLICATE_METHOD_MATCH = YES;
				COPY_PHASE_STRIP = NO;
				DEBUG_INFORMATION_FORMAT = dwarf;
				ENABLE_STRICT_OBJC_MSGSEND = YES;
				ENABLE_TESTABILITY = YES;
				GCC_C_LANGUAGE_STANDARD = gnu11;
				GCC_DYNAMIC_NO_PIC = NO;
				GCC_NO_COMMON_BLOCKS = YES;
				GCC_OPTIMIZATION_LEVEL = 0;
				GCC_PREPROCESSOR_DEFINITIONS = (
					"DEBUG=1",
					"$(inherited)",
				);
				GCC_WARN_64_TO_32_BIT_CONVERSION = YES;
				GCC_WARN_ABOUT_RETURN_TYPE = YES_ERROR;
				GCC_WARN_UNDECLARED_SELECTOR = YES;
				GCC_WARN_UNINITIALIZED_AUTOS = YES_AGGRESSIVE;
				GCC_WARN_UNUSED_FUNCTION = YES;
				GCC_WARN_UNUSED_VARIABLE = YES;
				IPHONEOS_DEPLOYMENT_TARGET = 13.2;
				MTL_ENABLE_DEBUG_INFO = INCLUDE_SOURCE;
				MTL_FAST_MATH = YES;
				ONLY_ACTIVE_ARCH = YES;
				SDKROOT = iphoneos;
				SWIFT_ACTIVE_COMPILATION_CONDITIONS = DEBUG;
				SWIFT_OPTIMIZATION_LEVEL = "-Onone";
			};
			name = Debug;
		};
		FA72F2BA23EE4375001321B4 /* Release */ = {
			isa = XCBuildConfiguration;
			buildSettings = {
				ALWAYS_SEARCH_USER_PATHS = NO;
				CLANG_ANALYZER_NONNULL = YES;
				CLANG_ANALYZER_NUMBER_OBJECT_CONVERSION = YES_AGGRESSIVE;
				CLANG_CXX_LANGUAGE_STANDARD = "gnu++14";
				CLANG_CXX_LIBRARY = "libc++";
				CLANG_ENABLE_MODULES = YES;
				CLANG_ENABLE_OBJC_ARC = YES;
				CLANG_ENABLE_OBJC_WEAK = YES;
				CLANG_WARN_BLOCK_CAPTURE_AUTORELEASING = YES;
				CLANG_WARN_BOOL_CONVERSION = YES;
				CLANG_WARN_COMMA = YES;
				CLANG_WARN_CONSTANT_CONVERSION = YES;
				CLANG_WARN_DEPRECATED_OBJC_IMPLEMENTATIONS = YES;
				CLANG_WARN_DIRECT_OBJC_ISA_USAGE = YES_ERROR;
				CLANG_WARN_DOCUMENTATION_COMMENTS = YES;
				CLANG_WARN_EMPTY_BODY = YES;
				CLANG_WARN_ENUM_CONVERSION = YES;
				CLANG_WARN_INFINITE_RECURSION = YES;
				CLANG_WARN_INT_CONVERSION = YES;
				CLANG_WARN_NON_LITERAL_NULL_CONVERSION = YES;
				CLANG_WARN_OBJC_IMPLICIT_RETAIN_SELF = YES;
				CLANG_WARN_OBJC_LITERAL_CONVERSION = YES;
				CLANG_WARN_OBJC_ROOT_CLASS = YES_ERROR;
				CLANG_WARN_RANGE_LOOP_ANALYSIS = YES;
				CLANG_WARN_STRICT_PROTOTYPES = YES;
				CLANG_WARN_SUSPICIOUS_MOVE = YES;
				CLANG_WARN_UNGUARDED_AVAILABILITY = YES_AGGRESSIVE;
				CLANG_WARN_UNREACHABLE_CODE = YES;
				CLANG_WARN__DUPLICATE_METHOD_MATCH = YES;
				COPY_PHASE_STRIP = NO;
				DEBUG_INFORMATION_FORMAT = "dwarf-with-dsym";
				ENABLE_NS_ASSERTIONS = NO;
				ENABLE_STRICT_OBJC_MSGSEND = YES;
				GCC_C_LANGUAGE_STANDARD = gnu11;
				GCC_NO_COMMON_BLOCKS = YES;
				GCC_WARN_64_TO_32_BIT_CONVERSION = YES;
				GCC_WARN_ABOUT_RETURN_TYPE = YES_ERROR;
				GCC_WARN_UNDECLARED_SELECTOR = YES;
				GCC_WARN_UNINITIALIZED_AUTOS = YES_AGGRESSIVE;
				GCC_WARN_UNUSED_FUNCTION = YES;
				GCC_WARN_UNUSED_VARIABLE = YES;
				IPHONEOS_DEPLOYMENT_TARGET = 13.2;
				MTL_ENABLE_DEBUG_INFO = NO;
				MTL_FAST_MATH = YES;
				SDKROOT = iphoneos;
				SWIFT_COMPILATION_MODE = wholemodule;
				SWIFT_OPTIMIZATION_LEVEL = "-O";
				VALIDATE_PRODUCT = YES;
			};
			name = Release;
		};
		FA72F2BC23EE4375001321B4 /* Debug */ = {
			isa = XCBuildConfiguration;
			buildSettings = {
				ASSETCATALOG_COMPILER_APPICON_NAME = AppIcon;
				CODE_SIGN_STYLE = Automatic;
				DEVELOPMENT_TEAM = VA5KG46Z2W;
				INFOPLIST_FILE = Verbum/Info.plist;
				LD_RUNPATH_SEARCH_PATHS = (
					"$(inherited)",
					"@executable_path/Frameworks",
				);
				PRODUCT_BUNDLE_IDENTIFIER = AlexGooseCarlosJose.Verbum;
				PRODUCT_NAME = "$(TARGET_NAME)";
				SWIFT_VERSION = 5.0;
				TARGETED_DEVICE_FAMILY = "1,2";
			};
			name = Debug;
		};
		FA72F2BD23EE4375001321B4 /* Release */ = {
			isa = XCBuildConfiguration;
			buildSettings = {
				ASSETCATALOG_COMPILER_APPICON_NAME = AppIcon;
				CODE_SIGN_STYLE = Automatic;
				DEVELOPMENT_TEAM = VA5KG46Z2W;
				INFOPLIST_FILE = Verbum/Info.plist;
				LD_RUNPATH_SEARCH_PATHS = (
					"$(inherited)",
					"@executable_path/Frameworks",
				);
				PRODUCT_BUNDLE_IDENTIFIER = AlexGooseCarlosJose.Verbum;
				PRODUCT_NAME = "$(TARGET_NAME)";
				SWIFT_VERSION = 5.0;
				TARGETED_DEVICE_FAMILY = "1,2";
			};
			name = Release;
		};
		FA72F2BF23EE4375001321B4 /* Debug */ = {
			isa = XCBuildConfiguration;
			buildSettings = {
				ALWAYS_EMBED_SWIFT_STANDARD_LIBRARIES = YES;
				BUNDLE_LOADER = "$(TEST_HOST)";
				CODE_SIGN_STYLE = Automatic;
				DEVELOPMENT_TEAM = VA5KG46Z2W;
				INFOPLIST_FILE = VerbumTests/Info.plist;
				IPHONEOS_DEPLOYMENT_TARGET = 13.2;
				LD_RUNPATH_SEARCH_PATHS = (
					"$(inherited)",
					"@executable_path/Frameworks",
					"@loader_path/Frameworks",
				);
				PRODUCT_BUNDLE_IDENTIFIER = AlexGooseCarlosJose.VerbumTests;
				PRODUCT_NAME = "$(TARGET_NAME)";
				SWIFT_VERSION = 5.0;
				TARGETED_DEVICE_FAMILY = "1,2";
				TEST_HOST = "$(BUILT_PRODUCTS_DIR)/Verbum.app/Verbum";
			};
			name = Debug;
		};
		FA72F2C023EE4375001321B4 /* Release */ = {
			isa = XCBuildConfiguration;
			buildSettings = {
				ALWAYS_EMBED_SWIFT_STANDARD_LIBRARIES = YES;
				BUNDLE_LOADER = "$(TEST_HOST)";
				CODE_SIGN_STYLE = Automatic;
				DEVELOPMENT_TEAM = VA5KG46Z2W;
				INFOPLIST_FILE = VerbumTests/Info.plist;
				IPHONEOS_DEPLOYMENT_TARGET = 13.2;
				LD_RUNPATH_SEARCH_PATHS = (
					"$(inherited)",
					"@executable_path/Frameworks",
					"@loader_path/Frameworks",
				);
				PRODUCT_BUNDLE_IDENTIFIER = AlexGooseCarlosJose.VerbumTests;
				PRODUCT_NAME = "$(TARGET_NAME)";
				SWIFT_VERSION = 5.0;
				TARGETED_DEVICE_FAMILY = "1,2";
				TEST_HOST = "$(BUILT_PRODUCTS_DIR)/Verbum.app/Verbum";
			};
			name = Release;
		};
		FA72F2C223EE4375001321B4 /* Debug */ = {
			isa = XCBuildConfiguration;
			buildSettings = {
				ALWAYS_EMBED_SWIFT_STANDARD_LIBRARIES = YES;
				CODE_SIGN_STYLE = Automatic;
				DEVELOPMENT_TEAM = VA5KG46Z2W;
				INFOPLIST_FILE = VerbumUITests/Info.plist;
				LD_RUNPATH_SEARCH_PATHS = (
					"$(inherited)",
					"@executable_path/Frameworks",
					"@loader_path/Frameworks",
				);
				PRODUCT_BUNDLE_IDENTIFIER = AlexGooseCarlosJose.VerbumUITests;
				PRODUCT_NAME = "$(TARGET_NAME)";
				SWIFT_VERSION = 5.0;
				TARGETED_DEVICE_FAMILY = "1,2";
				TEST_TARGET_NAME = Verbum;
			};
			name = Debug;
		};
		FA72F2C323EE4375001321B4 /* Release */ = {
			isa = XCBuildConfiguration;
			buildSettings = {
				ALWAYS_EMBED_SWIFT_STANDARD_LIBRARIES = YES;
				CODE_SIGN_STYLE = Automatic;
				DEVELOPMENT_TEAM = VA5KG46Z2W;
				INFOPLIST_FILE = VerbumUITests/Info.plist;
				LD_RUNPATH_SEARCH_PATHS = (
					"$(inherited)",
					"@executable_path/Frameworks",
					"@loader_path/Frameworks",
				);
				PRODUCT_BUNDLE_IDENTIFIER = AlexGooseCarlosJose.VerbumUITests;
				PRODUCT_NAME = "$(TARGET_NAME)";
				SWIFT_VERSION = 5.0;
				TARGETED_DEVICE_FAMILY = "1,2";
				TEST_TARGET_NAME = Verbum;
			};
			name = Release;
		};
/* End XCBuildConfiguration section */

/* Begin XCConfigurationList section */
		FA72F28C23EE4371001321B4 /* Build configuration list for PBXProject "Verbum" */ = {
			isa = XCConfigurationList;
			buildConfigurations = (
				FA72F2B923EE4375001321B4 /* Debug */,
				FA72F2BA23EE4375001321B4 /* Release */,
			);
			defaultConfigurationIsVisible = 0;
			defaultConfigurationName = Release;
		};
		FA72F2BB23EE4375001321B4 /* Build configuration list for PBXNativeTarget "Verbum" */ = {
			isa = XCConfigurationList;
			buildConfigurations = (
				FA72F2BC23EE4375001321B4 /* Debug */,
				FA72F2BD23EE4375001321B4 /* Release */,
			);
			defaultConfigurationIsVisible = 0;
			defaultConfigurationName = Release;
		};
		FA72F2BE23EE4375001321B4 /* Build configuration list for PBXNativeTarget "VerbumTests" */ = {
			isa = XCConfigurationList;
			buildConfigurations = (
				FA72F2BF23EE4375001321B4 /* Debug */,
				FA72F2C023EE4375001321B4 /* Release */,
			);
			defaultConfigurationIsVisible = 0;
			defaultConfigurationName = Release;
		};
		FA72F2C123EE4375001321B4 /* Build configuration list for PBXNativeTarget "VerbumUITests" */ = {
			isa = XCConfigurationList;
			buildConfigurations = (
				FA72F2C223EE4375001321B4 /* Debug */,
				FA72F2C323EE4375001321B4 /* Release */,
			);
			defaultConfigurationIsVisible = 0;
			defaultConfigurationName = Release;
		};
/* End XCConfigurationList section */
	};
	rootObject = FA72F28923EE4371001321B4 /* Project object */;
}
